
Microsoft Visual Studio Solution File, Format Version 12.00
# Visual Studio Version 16
VisualStudioVersion = 16.0.31424.327
MinimumVisualStudioVersion = 10.0.40219.1
Project("{2150E333-8FDC-42A3-9474-1A3956D46DE8}") = "Infrastructure", "Infrastructure", "{A36A97B5-FDC5-417F-A37E-FC715B3D3F0C}"
EndProject
Project("{2150E333-8FDC-42A3-9474-1A3956D46DE8}") = "Presentation", "Presentation", "{DE1378CD-DE6F-4865-A0D5-5D3C3CDE9FEE}"
EndProject
Project("{FAE04EC0-301F-11D3-BF4B-00C04F79EFBC}") = "Blog.Core", "Blog.Core\Blog.Core.csproj", "{3221FD32-59DC-4620-B0C5-159E74FB02B6}"
EndProject
Project("{FAE04EC0-301F-11D3-BF4B-00C04F79EFBC}") = "Blog.Entity", "Blog.Entity\Blog.Entity.csproj", "{BE99A106-7E4C-4C85-8496-075665EA45B1}"
EndProject
Project("{FAE04EC0-301F-11D3-BF4B-00C04F79EFBC}") = "Blog.Business", "Blog.Business\Blog.Business.csproj", "{5688F6FC-E2C0-431E-ADE4-6386D55BBB8B}"
EndProject
Project("{FAE04EC0-301F-11D3-BF4B-00C04F79EFBC}") = "Blog.Panel", "Blog.Panel\Blog.Panel.csproj", "{B024D103-E9F4-4A98-B511-F9DA19AEB629}"
EndProject
Project("{FAE04EC0-301F-11D3-BF4B-00C04F79EFBC}") = "Blog.Web", "Blog.Web\Blog.Web.csproj", "{C4753E72-B2DA-4E55-BA17-DF6B5488A6CA}"
EndProject
Global
	GlobalSection(SolutionConfigurationPlatforms) = preSolution
		Debug|Any CPU = Debug|Any CPU
		Release|Any CPU = Release|Any CPU
	EndGlobalSection
	GlobalSection(ProjectConfigurationPlatforms) = postSolution
		{3221FD32-59DC-4620-B0C5-159E74FB02B6}.Debug|Any CPU.ActiveCfg = Debug|Any CPU
		{3221FD32-59DC-4620-B0C5-159E74FB02B6}.Debug|Any CPU.Build.0 = Debug|Any CPU
		{3221FD32-59DC-4620-B0C5-159E74FB02B6}.Release|Any CPU.ActiveCfg = Release|Any CPU
		{3221FD32-59DC-4620-B0C5-159E74FB02B6}.Release|Any CPU.Build.0 = Release|Any CPU
		{BE99A106-7E4C-4C85-8496-075665EA45B1}.Debug|Any CPU.ActiveCfg = Debug|Any CPU
		{BE99A106-7E4C-4C85-8496-075665EA45B1}.Debug|Any CPU.Build.0 = Debug|Any CPU
		{BE99A106-7E4C-4C85-8496-075665EA45B1}.Release|Any CPU.ActiveCfg = Release|Any CPU
		{BE99A106-7E4C-4C85-8496-075665EA45B1}.Release|Any CPU.Build.0 = Release|Any CPU
		{5688F6FC-E2C0-431E-ADE4-6386D55BBB8B}.Debug|Any CPU.ActiveCfg = Debug|Any CPU
		{5688F6FC-E2C0-431E-ADE4-6386D55BBB8B}.Debug|Any CPU.Build.0 = Debug|Any CPU
		{5688F6FC-E2C0-431E-ADE4-6386D55BBB8B}.Release|Any CPU.ActiveCfg = Release|Any CPU
		{5688F6FC-E2C0-431E-ADE4-6386D55BBB8B}.Release|Any CPU.Build.0 = Release|Any CPU
		{B024D103-E9F4-4A98-B511-F9DA19AEB629}.Debug|Any CPU.ActiveCfg = Debug|Any CPU
		{B024D103-E9F4-4A98-B511-F9DA19AEB629}.Debug|Any CPU.Build.0 = Debug|Any CPU
		{B024D103-E9F4-4A98-B511-F9DA19AEB629}.Release|Any CPU.ActiveCfg = Release|Any CPU
		{B024D103-E9F4-4A98-B511-F9DA19AEB629}.Release|Any CPU.Build.0 = Release|Any CPU
		{C4753E72-B2DA-4E55-BA17-DF6B5488A6CA}.Debug|Any CPU.ActiveCfg = Debug|Any CPU
		{C4753E72-B2DA-4E55-BA17-DF6B5488A6CA}.Debug|Any CPU.Build.0 = Debug|Any CPU
		{C4753E72-B2DA-4E55-BA17-DF6B5488A6CA}.Release|Any CPU.ActiveCfg = Release|Any CPU
		{C4753E72-B2DA-4E55-BA17-DF6B5488A6CA}.Release|Any CPU.Build.0 = Release|Any CPU
	EndGlobalSection
	GlobalSection(SolutionProperties) = preSolution
		HideSolutionNode = FALSE
	EndGlobalSection
	GlobalSection(NestedProjects) = preSolution
		{3221FD32-59DC-4620-B0C5-159E74FB02B6} = {A36A97B5-FDC5-417F-A37E-FC715B3D3F0C}
		{BE99A106-7E4C-4C85-8496-075665EA45B1} = {A36A97B5-FDC5-417F-A37E-FC715B3D3F0C}
		{5688F6FC-E2C0-431E-ADE4-6386D55BBB8B} = {A36A97B5-FDC5-417F-A37E-FC715B3D3F0C}
		{B024D103-E9F4-4A98-B511-F9DA19AEB629} = {DE1378CD-DE6F-4865-A0D5-5D3C3CDE9FEE}
		{C4753E72-B2DA-4E55-BA17-DF6B5488A6CA} = {DE1378CD-DE6F-4865-A0D5-5D3C3CDE9FEE}
	EndGlobalSection
	GlobalSection(ExtensibilityGlobals) = postSolution
		SolutionGuid = {E62962C2-99F7-4C2A-ACF6-DD7F64FE390B}
	EndGlobalSection
EndGlobal
